
Microsoft Visual Studio Solution File, Format Version 12.00
# Visual Studio Version 16
VisualStudioVersion = 16.0.31515.178
MinimumVisualStudioVersion = 10.0.40219.1
Project("{FAE04EC0-301F-11D3-BF4B-00C04F79EFBC}") = "MengCRobot", "MengCRobot\MengCRobot.csproj", "{40A6847E-3DD4-40C3-8F27-1A8EA14D6F49}"
EndProject
Project("{FAE04EC0-301F-11D3-BF4B-00C04F79EFBC}") = "MC_SDK", "MC_SDK\MC_SDK.csproj", "{4A471FA8-BB29-4FB7-8819-5A446279A93A}"
EndProject
Project("{FAE04EC0-301F-11D3-BF4B-00C04F79EFBC}") = "MC_Demo", "MC_Demo\MC_Demo.csproj", "{EC5B930D-F3CB-4185-B6E9-FD28E9B3B334}"
EndProject
Global
	GlobalSection(SolutionConfigurationPlatforms) = preSolution
		Debug|Any CPU = Debug|Any CPU
		Release|Any CPU = Release|Any CPU
	EndGlobalSection
	GlobalSection(ProjectConfigurationPlatforms) = postSolution
		{40A6847E-3DD4-40C3-8F27-1A8EA14D6F49}.Debug|Any CPU.ActiveCfg = Debug|Any CPU
		{40A6847E-3DD4-40C3-8F27-1A8EA14D6F49}.Debug|Any CPU.Build.0 = Debug|Any CPU
		{40A6847E-3DD4-40C3-8F27-1A8EA14D6F49}.Release|Any CPU.ActiveCfg = Release|Any CPU
		{40A6847E-3DD4-40C3-8F27-1A8EA14D6F49}.Release|Any CPU.Build.0 = Release|Any CPU
		{4A471FA8-BB29-4FB7-8819-5A446279A93A}.Debug|Any CPU.ActiveCfg = Debug|Any CPU
		{4A471FA8-BB29-4FB7-8819-5A446279A93A}.Debug|Any CPU.Build.0 = Debug|Any CPU
		{4A471FA8-BB29-4FB7-8819-5A446279A93A}.Release|Any CPU.ActiveCfg = Release|Any CPU
		{4A471FA8-BB29-4FB7-8819-5A446279A93A}.Release|Any CPU.Build.0 = Release|Any CPU
		{EC5B930D-F3CB-4185-B6E9-FD28E9B3B334}.Debug|Any CPU.ActiveCfg = Debug|Any CPU
		{EC5B930D-F3CB-4185-B6E9-FD28E9B3B334}.Debug|Any CPU.Build.0 = Debug|Any CPU
		{EC5B930D-F3CB-4185-B6E9-FD28E9B3B334}.Release|Any CPU.ActiveCfg = Release|Any CPU
		{EC5B930D-F3CB-4185-B6E9-FD28E9B3B334}.Release|Any CPU.Build.0 = Release|Any CPU
	EndGlobalSection
	GlobalSection(SolutionProperties) = preSolution
		HideSolutionNode = FALSE
	EndGlobalSection
	GlobalSection(ExtensibilityGlobals) = postSolution
		SolutionGuid = {8F3D1D14-FAA7-4C2F-9ED1-2BFD52C13BD9}
	EndGlobalSection
EndGlobal
